Microsoft Visual Studio Solution File, Format Version 12.00
# Visual Studio Version 17
VisualStudioVersion = 17.5.2.0
MinimumVisualStudioVersion = 10.0.40219.1
Project("{FAE04EC0-301F-11D3-BF4B-00C04F79EFBC}") = "Autobarn.PricingServer", "Autobarn.PricingServer.csproj", "{9F865136-4B19-4C08-8FE7-C8819A740F03}"
EndProject
Global
	GlobalSection(SolutionConfigurationPlatforms) = preSolution
		Debug|Any CPU = Debug|Any CPU
		Release|Any CPU = Release|Any CPU
	EndGlobalSection
	GlobalSection(ProjectConfigurationPlatforms) = postSolution
		{9F865136-4B19-4C08-8FE7-C8819A740F03}.Debug|Any CPU.ActiveCfg = Debug|Any CPU
		{9F865136-4B19-4C08-8FE7-C8819A740F03}.Debug|Any CPU.Build.0 = Debug|Any CPU
		{9F865136-4B19-4C08-8FE7-C8819A740F03}.Release|Any CPU.ActiveCfg = Release|Any CPU
		{9F865136-4B19-4C08-8FE7-C8819A740F03}.Release|Any CPU.Build.0 = Release|Any CPU
	EndGlobalSection
	GlobalSection(SolutionProperties) = preSolution
		HideSolutionNode = FALSE
	EndGlobalSection
	GlobalSection(ExtensibilityGlobals) = postSolution
		SolutionGuid = {AC1ACC5B-B5C6-4046-9556-1C0BDC862441}
	EndGlobalSection
EndGlobal
